
Microsoft Visual Studio Solution File, Format Version 12.00
# Visual Studio Version 17
VisualStudioVersion = 17.6.33712.159
MinimumVisualStudioVersion = 10.0.40219.1
Project("{9A19103F-16F7-4668-BE54-9A1E7A4F7556}") = "MysticUI", "MysticUI/MysticUI.csproj", "{69EF4370-0CF4-4AC3-B491-0CF47FF673C6}"
EndProject
Global
	GlobalSection(SolutionConfigurationPlatforms) = preSolution
		Debug|Any CPU = Debug|Any CPU
		Release|Any CPU = Release|Any CPU
	EndGlobalSection
	GlobalSection(ProjectConfigurationPlatforms) = postSolution
		{69EF4370-0CF4-4AC3-B491-0CF47FF673C6}.Debug|Any CPU.ActiveCfg = Debug|Any CPU
		{69EF4370-0CF4-4AC3-B491-0CF47FF673C6}.Debug|Any CPU.Build.0 = Debug|Any CPU
		{69EF4370-0CF4-4AC3-B491-0CF47FF673C6}.Release|Any CPU.ActiveCfg = Release|Any CPU
		{69EF4370-0CF4-4AC3-B491-0CF47FF673C6}.Release|Any CPU.Build.0 = Release|Any CPU
	EndGlobalSection
	GlobalSection(SolutionProperties) = preSolution
		HideSolutionNode = FALSE
	EndGlobalSection
	GlobalSection(ExtensibilityGlobals) = postSolution
		SolutionGuid = {0A3AF97F-2FC0-4132-B453-D99215BE6EA2}
	EndGlobalSection
EndGlobal
