
Microsoft Visual Studio Solution File, Format Version 12.00
# Visual Studio Version 17
VisualStudioVersion = 17.6.33712.159
MinimumVisualStudioVersion = 10.0.40219.1
Project("{9A19103F-16F7-4668-BE54-9A1E7A4F7556}") = "IcyUI", "IcyUI\IcyUI.csproj", "{69EF4370-0CF4-4AC3-B491-0CF47FF673C6}"
EndProject
Project("{9A19103F-16F7-4668-BE54-9A1E7A4F7556}") = "IcyUI.FNA", "IcyUI.FNA\IcyUI.FNA.csproj", "{92894E44-F0D2-435D-82AC-61F4D9E20510}"
	ProjectSection(ProjectDependencies) = postProject
		{69EF4370-0CF4-4AC3-B491-0CF47FF673C6} = {69EF4370-0CF4-4AC3-B491-0CF47FF673C6}
	EndProjectSection
EndProject
Project("{9A19103F-16F7-4668-BE54-9A1E7A4F7556}") = "IcyUI.MonoGame", "IcyUI.MonoGame\IcyUI.MonoGame.csproj", "{01D50609-D7FA-49BB-80CA-A64E305FA429}"
	ProjectSection(ProjectDependencies) = postProject
		{69EF4370-0CF4-4AC3-B491-0CF47FF673C6} = {69EF4370-0CF4-4AC3-B491-0CF47FF673C6}
	EndProjectSection
EndProject
Project("{9A19103F-16F7-4668-BE54-9A1E7A4F7556}") = "IcyUI.Stride", "IcyUI.Stride\IcyUI.Stride.csproj", "{934F6123-D8E4-4340-B488-889B50196A4D}"
	ProjectSection(ProjectDependencies) = postProject
		{69EF4370-0CF4-4AC3-B491-0CF47FF673C6} = {69EF4370-0CF4-4AC3-B491-0CF47FF673C6}
	EndProjectSection
EndProject
Project("{9A19103F-16F7-4668-BE54-9A1E7A4F7556}") = "MonoGame Sample", "MonoGame Sample\MonoGame Sample.csproj", "{E5D67F9B-F32D-4ACB-8AC1-3CB12F09661E}"
	ProjectSection(ProjectDependencies) = postProject
		{01D50609-D7FA-49BB-80CA-A64E305FA429} = {01D50609-D7FA-49BB-80CA-A64E305FA429}
		{69EF4370-0CF4-4AC3-B491-0CF47FF673C6} = {69EF4370-0CF4-4AC3-B491-0CF47FF673C6}
	EndProjectSection
EndProject
Project("{9A19103F-16F7-4668-BE54-9A1E7A4F7556}") = "IcyUI.Tests", "IcyUI.Tests\IcyUI.Tests.csproj", "{51CA00E0-5A1F-4CBC-9221-6E558DD35710}"
EndProject
Project("{2150E333-8FDC-42A3-9474-1A3956D46DE8}") = "Solution Items", "Solution Items", "{21DD9C64-361D-4A26-B056-7F6B89994178}"
	ProjectSection(SolutionItems) = preProject
		.editorconfig = .editorconfig
	EndProjectSection
EndProject
Project("{FAE04EC0-301F-11D3-BF4B-00C04F79EFBC}") = "Stride Sample", "Stride Sample\Stride Sample.csproj", "{84346F28-9493-45F1-A379-958209E49D99}"
EndProject
Global
	GlobalSection(SolutionConfigurationPlatforms) = preSolution
		Debug|Any CPU = Debug|Any CPU
		Debug|x64 = Debug|x64
		Debug|x86 = Debug|x86
		Release|Any CPU = Release|Any CPU
		Release|x64 = Release|x64
		Release|x86 = Release|x86
	EndGlobalSection
	GlobalSection(ProjectConfigurationPlatforms) = postSolution
		{69EF4370-0CF4-4AC3-B491-0CF47FF673C6}.Debug|Any CPU.ActiveCfg = Debug|Any CPU
		{69EF4370-0CF4-4AC3-B491-0CF47FF673C6}.Debug|Any CPU.Build.0 = Debug|Any CPU
		{69EF4370-0CF4-4AC3-B491-0CF47FF673C6}.Debug|x64.ActiveCfg = Debug|Any CPU
		{69EF4370-0CF4-4AC3-B491-0CF47FF673C6}.Debug|x64.Build.0 = Debug|Any CPU
		{69EF4370-0CF4-4AC3-B491-0CF47FF673C6}.Debug|x86.ActiveCfg = Debug|Any CPU
		{69EF4370-0CF4-4AC3-B491-0CF47FF673C6}.Debug|x86.Build.0 = Debug|Any CPU
		{69EF4370-0CF4-4AC3-B491-0CF47FF673C6}.Release|Any CPU.ActiveCfg = Release|Any CPU
		{69EF4370-0CF4-4AC3-B491-0CF47FF673C6}.Release|Any CPU.Build.0 = Release|Any CPU
		{69EF4370-0CF4-4AC3-B491-0CF47FF673C6}.Release|x64.ActiveCfg = Release|Any CPU
		{69EF4370-0CF4-4AC3-B491-0CF47FF673C6}.Release|x64.Build.0 = Release|Any CPU
		{69EF4370-0CF4-4AC3-B491-0CF47FF673C6}.Release|x86.ActiveCfg = Release|Any CPU
		{69EF4370-0CF4-4AC3-B491-0CF47FF673C6}.Release|x86.Build.0 = Release|Any CPU
		{92894E44-F0D2-435D-82AC-61F4D9E20510}.Debug|Any CPU.ActiveCfg = Debug|Any CPU
		{92894E44-F0D2-435D-82AC-61F4D9E20510}.Debug|Any CPU.Build.0 = Debug|Any CPU
		{92894E44-F0D2-435D-82AC-61F4D9E20510}.Debug|x64.ActiveCfg = Debug|Any CPU
		{92894E44-F0D2-435D-82AC-61F4D9E20510}.Debug|x64.Build.0 = Debug|Any CPU
		{92894E44-F0D2-435D-82AC-61F4D9E20510}.Debug|x86.ActiveCfg = Debug|Any CPU
		{92894E44-F0D2-435D-82AC-61F4D9E20510}.Debug|x86.Build.0 = Debug|Any CPU
		{92894E44-F0D2-435D-82AC-61F4D9E20510}.Release|Any CPU.ActiveCfg = Release|Any CPU
		{92894E44-F0D2-435D-82AC-61F4D9E20510}.Release|Any CPU.Build.0 = Release|Any CPU
		{92894E44-F0D2-435D-82AC-61F4D9E20510}.Release|x64.ActiveCfg = Release|Any CPU
		{92894E44-F0D2-435D-82AC-61F4D9E20510}.Release|x64.Build.0 = Release|Any CPU
		{92894E44-F0D2-435D-82AC-61F4D9E20510}.Release|x86.ActiveCfg = Release|Any CPU
		{92894E44-F0D2-435D-82AC-61F4D9E20510}.Release|x86.Build.0 = Release|Any CPU
		{01D50609-D7FA-49BB-80CA-A64E305FA429}.Debug|Any CPU.ActiveCfg = Debug|Any CPU
		{01D50609-D7FA-49BB-80CA-A64E305FA429}.Debug|Any CPU.Build.0 = Debug|Any CPU
		{01D50609-D7FA-49BB-80CA-A64E305FA429}.Debug|x64.ActiveCfg = Debug|Any CPU
		{01D50609-D7FA-49BB-80CA-A64E305FA429}.Debug|x64.Build.0 = Debug|Any CPU
		{01D50609-D7FA-49BB-80CA-A64E305FA429}.Debug|x86.ActiveCfg = Debug|Any CPU
		{01D50609-D7FA-49BB-80CA-A64E305FA429}.Debug|x86.Build.0 = Debug|Any CPU
		{01D50609-D7FA-49BB-80CA-A64E305FA429}.Release|Any CPU.ActiveCfg = Release|Any CPU
		{01D50609-D7FA-49BB-80CA-A64E305FA429}.Release|Any CPU.Build.0 = Release|Any CPU
		{01D50609-D7FA-49BB-80CA-A64E305FA429}.Release|x64.ActiveCfg = Release|Any CPU
		{01D50609-D7FA-49BB-80CA-A64E305FA429}.Release|x64.Build.0 = Release|Any CPU
		{01D50609-D7FA-49BB-80CA-A64E305FA429}.Release|x86.ActiveCfg = Release|Any CPU
		{01D50609-D7FA-49BB-80CA-A64E305FA429}.Release|x86.Build.0 = Release|Any CPU
		{934F6123-D8E4-4340-B488-889B50196A4D}.Debug|Any CPU.ActiveCfg = Debug|Any CPU
		{934F6123-D8E4-4340-B488-889B50196A4D}.Debug|Any CPU.Build.0 = Debug|Any CPU
		{934F6123-D8E4-4340-B488-889B50196A4D}.Debug|x64.ActiveCfg = Debug|Any CPU
		{934F6123-D8E4-4340-B488-889B50196A4D}.Debug|x64.Build.0 = Debug|Any CPU
		{934F6123-D8E4-4340-B488-889B50196A4D}.Debug|x86.ActiveCfg = Debug|Any CPU
		{934F6123-D8E4-4340-B488-889B50196A4D}.Debug|x86.Build.0 = Debug|Any CPU
		{934F6123-D8E4-4340-B488-889B50196A4D}.Release|Any CPU.ActiveCfg = Release|Any CPU
		{934F6123-D8E4-4340-B488-889B50196A4D}.Release|Any CPU.Build.0 = Release|Any CPU
		{934F6123-D8E4-4340-B488-889B50196A4D}.Release|x64.ActiveCfg = Release|Any CPU
		{934F6123-D8E4-4340-B488-889B50196A4D}.Release|x64.Build.0 = Release|Any CPU
		{934F6123-D8E4-4340-B488-889B50196A4D}.Release|x86.ActiveCfg = Release|Any CPU
		{934F6123-D8E4-4340-B488-889B50196A4D}.Release|x86.Build.0 = Release|Any CPU
		{E5D67F9B-F32D-4ACB-8AC1-3CB12F09661E}.Debug|Any CPU.ActiveCfg = Debug|Any CPU
		{E5D67F9B-F32D-4ACB-8AC1-3CB12F09661E}.Debug|Any CPU.Build.0 = Debug|Any CPU
		{E5D67F9B-F32D-4ACB-8AC1-3CB12F09661E}.Debug|x64.ActiveCfg = Debug|Any CPU
		{E5D67F9B-F32D-4ACB-8AC1-3CB12F09661E}.Debug|x64.Build.0 = Debug|Any CPU
		{E5D67F9B-F32D-4ACB-8AC1-3CB12F09661E}.Debug|x86.ActiveCfg = Debug|Any CPU
		{E5D67F9B-F32D-4ACB-8AC1-3CB12F09661E}.Debug|x86.Build.0 = Debug|Any CPU
		{E5D67F9B-F32D-4ACB-8AC1-3CB12F09661E}.Release|Any CPU.ActiveCfg = Release|Any CPU
		{E5D67F9B-F32D-4ACB-8AC1-3CB12F09661E}.Release|Any CPU.Build.0 = Release|Any CPU
		{E5D67F9B-F32D-4ACB-8AC1-3CB12F09661E}.Release|x64.ActiveCfg = Release|Any CPU
		{E5D67F9B-F32D-4ACB-8AC1-3CB12F09661E}.Release|x64.Build.0 = Release|Any CPU
		{E5D67F9B-F32D-4ACB-8AC1-3CB12F09661E}.Release|x86.ActiveCfg = Release|Any CPU
		{E5D67F9B-F32D-4ACB-8AC1-3CB12F09661E}.Release|x86.Build.0 = Release|Any CPU
		{51CA00E0-5A1F-4CBC-9221-6E558DD35710}.Debug|Any CPU.ActiveCfg = Debug|Any CPU
		{51CA00E0-5A1F-4CBC-9221-6E558DD35710}.Debug|Any CPU.Build.0 = Debug|Any CPU
		{51CA00E0-5A1F-4CBC-9221-6E558DD35710}.Debug|x64.ActiveCfg = Debug|Any CPU
		{51CA00E0-5A1F-4CBC-9221-6E558DD35710}.Debug|x64.Build.0 = Debug|Any CPU
		{51CA00E0-5A1F-4CBC-9221-6E558DD35710}.Debug|x86.ActiveCfg = Debug|Any CPU
		{51CA00E0-5A1F-4CBC-9221-6E558DD35710}.Debug|x86.Build.0 = Debug|Any CPU
		{51CA00E0-5A1F-4CBC-9221-6E558DD35710}.Release|Any CPU.ActiveCfg = Release|Any CPU
		{51CA00E0-5A1F-4CBC-9221-6E558DD35710}.Release|Any CPU.Build.0 = Release|Any CPU
		{51CA00E0-5A1F-4CBC-9221-6E558DD35710}.Release|x64.ActiveCfg = Release|Any CPU
		{51CA00E0-5A1F-4CBC-9221-6E558DD35710}.Release|x64.Build.0 = Release|Any CPU
		{51CA00E0-5A1F-4CBC-9221-6E558DD35710}.Release|x86.ActiveCfg = Release|Any CPU
		{51CA00E0-5A1F-4CBC-9221-6E558DD35710}.Release|x86.Build.0 = Release|Any CPU
		{84346F28-9493-45F1-A379-958209E49D99}.Debug|Any CPU.ActiveCfg = Debug|Any CPU
		{84346F28-9493-45F1-A379-958209E49D99}.Debug|Any CPU.Build.0 = Debug|Any CPU
		{84346F28-9493-45F1-A379-958209E49D99}.Debug|x64.ActiveCfg = Debug|Any CPU
		{84346F28-9493-45F1-A379-958209E49D99}.Debug|x64.Build.0 = Debug|Any CPU
		{84346F28-9493-45F1-A379-958209E49D99}.Debug|x86.ActiveCfg = Debug|Any CPU
		{84346F28-9493-45F1-A379-958209E49D99}.Debug|x86.Build.0 = Debug|Any CPU
		{84346F28-9493-45F1-A379-958209E49D99}.Release|Any CPU.ActiveCfg = Release|Any CPU
		{84346F28-9493-45F1-A379-958209E49D99}.Release|Any CPU.Build.0 = Release|Any CPU
		{84346F28-9493-45F1-A379-958209E49D99}.Release|x64.ActiveCfg = Release|Any CPU
		{84346F28-9493-45F1-A379-958209E49D99}.Release|x64.Build.0 = Release|Any CPU
		{84346F28-9493-45F1-A379-958209E49D99}.Release|x86.ActiveCfg = Release|Any CPU
		{84346F28-9493-45F1-A379-958209E49D99}.Release|x86.Build.0 = Release|Any CPU
	EndGlobalSection
	GlobalSection(SolutionProperties) = preSolution
		HideSolutionNode = FALSE
	EndGlobalSection
	GlobalSection(ExtensibilityGlobals) = postSolution
		SolutionGuid = {0A3AF97F-2FC0-4132-B453-D99215BE6EA2}
	EndGlobalSection
EndGlobal
